{
  "name": "novixo-engine",
  "version": "3.0.4",
  "lockfileVersion": 3,
  "requires": true,
  "types": "index.d.ts",
  "packages": {
    "": {
      "name": "novixo-engine",
      "version": "3.0.4",
      "license": "MIT",
      "engines": {
        "node": ">=16.0.0"
      },
      "peerDependencies": {
        "@react-native-async-storage/async-storage": ">=1.18.0"
      },
      "peerDependenciesMeta": {
        "@react-native-async-storage/async-storage": {
          "optional": true
        }
      }
    }
  }
}
